
Microsoft Visual Studio Solution File, Format Version 12.00
# Visual Studio Version 16
VisualStudioVersion = 16.0.31702.278
MinimumVisualStudioVersion = 10.0.40219.1
Project("{FAE04EC0-301F-11D3-BF4B-00C04F79EFBC}") = "OnlineLearing", "OnlineLearing\OnlineLearing.csproj", "{05BD4A63-7B09-4AD0-833C-C75910AF4904}"
EndProject
Global
	GlobalSection(SolutionConfigurationPlatforms) = preSolution
		Debug|Any CPU = Debug|Any CPU
		Release|Any CPU = Release|Any CPU
	EndGlobalSection
	GlobalSection(ProjectConfigurationPlatforms) = postSolution
		{05BD4A63-7B09-4AD0-833C-C75910AF4904}.Debug|Any CPU.ActiveCfg = Debug|Any CPU
		{05BD4A63-7B09-4AD0-833C-C75910AF4904}.Debug|Any CPU.Build.0 = Debug|Any CPU
		{05BD4A63-7B09-4AD0-833C-C75910AF4904}.Release|Any CPU.ActiveCfg = Release|Any CPU
		{05BD4A63-7B09-4AD0-833C-C75910AF4904}.Release|Any CPU.Build.0 = Release|Any CPU
	EndGlobalSection
	GlobalSection(SolutionProperties) = preSolution
		HideSolutionNode = FALSE
	EndGlobalSection
	GlobalSection(ExtensibilityGlobals) = postSolution
		SolutionGuid = {5B3B81B0-72CC-4171-B843-6E2EC19EC190}
	EndGlobalSection
EndGlobal
